
Microsoft Visual Studio Solution File, Format Version 12.00
# Visual Studio Version 17
VisualStudioVersion = 17.1.32328.378
MinimumVisualStudioVersion = 10.0.40219.1
Project("{FAE04EC0-301F-11D3-BF4B-00C04F79EFBC}") = "WebApplication1", "WebApplication1\WebApplication1.csproj", "{4FB92A88-D13B-48A1-BAA9-F25310D7003E}"
EndProject
Global
	GlobalSection(SolutionConfigurationPlatforms) = preSolution
		Debug|Any CPU = Debug|Any CPU
		Release|Any CPU = Release|Any CPU
	EndGlobalSection
	GlobalSection(ProjectConfigurationPlatforms) = postSolution
		{4FB92A88-D13B-48A1-BAA9-F25310D7003E}.Debug|Any CPU.ActiveCfg = Debug|Any CPU
		{4FB92A88-D13B-48A1-BAA9-F25310D7003E}.Debug|Any CPU.Build.0 = Debug|Any CPU
		{4FB92A88-D13B-48A1-BAA9-F25310D7003E}.Release|Any CPU.ActiveCfg = Release|Any CPU
		{4FB92A88-D13B-48A1-BAA9-F25310D7003E}.Release|Any CPU.Build.0 = Release|Any CPU
	EndGlobalSection
	GlobalSection(SolutionProperties) = preSolution
		HideSolutionNode = FALSE
	EndGlobalSection
	GlobalSection(ExtensibilityGlobals) = postSolution
		SolutionGuid = {A175D499-11B4-492E-ADFE-7158B0BFDAF4}
	EndGlobalSection
EndGlobal
